
Microsoft Visual Studio Solution File, Format Version 12.00
# Visual Studio 15
VisualStudioVersion = 15.0.26430.13
MinimumVisualStudioVersion = 10.0.40219.1
Project("{FAE04EC0-301F-11D3-BF4B-00C04F79EFBC}") = "Lab", "Lab\Lab.csproj", "{3C3FA930-6B88-4779-95D6-3EC686E34A81}"
EndProject
Project("{FAE04EC0-301F-11D3-BF4B-00C04F79EFBC}") = "RandomList", "RandomList\RandomList.csproj", "{933640DF-434E-4CF3-AA6A-6E16763D7D3C}"
EndProject
Project("{FAE04EC0-301F-11D3-BF4B-00C04F79EFBC}") = "StackOfStrings", "StackOfStrings\StackOfStrings.csproj", "{91156EC3-4A69-4301-9837-301B7946BD98}"
EndProject
Global
	GlobalSection(SolutionConfigurationPlatforms) = preSolution
		Debug|Any CPU = Debug|Any CPU
		Release|Any CPU = Release|Any CPU
	EndGlobalSection
	GlobalSection(ProjectConfigurationPlatforms) = postSolution
		{3C3FA930-6B88-4779-95D6-3EC686E34A81}.Debug|Any CPU.ActiveCfg = Debug|Any CPU
		{3C3FA930-6B88-4779-95D6-3EC686E34A81}.Debug|Any CPU.Build.0 = Debug|Any CPU
		{3C3FA930-6B88-4779-95D6-3EC686E34A81}.Release|Any CPU.ActiveCfg = Release|Any CPU
		{3C3FA930-6B88-4779-95D6-3EC686E34A81}.Release|Any CPU.Build.0 = Release|Any CPU
		{933640DF-434E-4CF3-AA6A-6E16763D7D3C}.Debug|Any CPU.ActiveCfg = Debug|Any CPU
		{933640DF-434E-4CF3-AA6A-6E16763D7D3C}.Debug|Any CPU.Build.0 = Debug|Any CPU
		{933640DF-434E-4CF3-AA6A-6E16763D7D3C}.Release|Any CPU.ActiveCfg = Release|Any CPU
		{933640DF-434E-4CF3-AA6A-6E16763D7D3C}.Release|Any CPU.Build.0 = Release|Any CPU
		{91156EC3-4A69-4301-9837-301B7946BD98}.Debug|Any CPU.ActiveCfg = Debug|Any CPU
		{91156EC3-4A69-4301-9837-301B7946BD98}.Debug|Any CPU.Build.0 = Debug|Any CPU
		{91156EC3-4A69-4301-9837-301B7946BD98}.Release|Any CPU.ActiveCfg = Release|Any CPU
		{91156EC3-4A69-4301-9837-301B7946BD98}.Release|Any CPU.Build.0 = Release|Any CPU
	EndGlobalSection
	GlobalSection(SolutionProperties) = preSolution
		HideSolutionNode = FALSE
	EndGlobalSection
EndGlobal
