
Microsoft Visual Studio Solution File, Format Version 12.00
# Visual Studio 14
VisualStudioVersion = 14.0.25123.0
MinimumVisualStudioVersion = 10.0.40219.1
Project("{FAE04EC0-301F-11D3-BF4B-00C04F79EFBC}") = "3.A MineTask", "Dictionaries, Lambda and LINQ - Exercises\3.A MineTask.csproj", "{2C884DA8-D191-448D-92E8-B6C0E756EA38}"
EndProject
Project("{FAE04EC0-301F-11D3-BF4B-00C04F79EFBC}") = "1.Phonebook", "ConsoleApplication1\1.Phonebook.csproj", "{7AF99EE1-55B9-4769-B73A-97093F27C8ED}"
EndProject
Project("{FAE04EC0-301F-11D3-BF4B-00C04F79EFBC}") = "2.PhonebookUpgrade", "2.PhonebookUpgrade\2.PhonebookUpgrade.csproj", "{DF512E8E-207A-48BD-A5E5-8C5E1F561D30}"
EndProject
Project("{FAE04EC0-301F-11D3-BF4B-00C04F79EFBC}") = "4.FixEmails", "4.FixEmails\4.FixEmails.csproj", "{5181D1FC-9C1F-4FFB-A02F-C220FB996E3B}"
EndProject
Project("{FAE04EC0-301F-11D3-BF4B-00C04F79EFBC}") = "5.HandsOfcards", "5.HandsOfcards\5.HandsOfcards.csproj", "{6E0D9A4D-9517-48C2-950A-59C70BBFE2ED}"
EndProject
Global
	GlobalSection(SolutionConfigurationPlatforms) = preSolution
		Debug|Any CPU = Debug|Any CPU
		Release|Any CPU = Release|Any CPU
	EndGlobalSection
	GlobalSection(ProjectConfigurationPlatforms) = postSolution
		{2C884DA8-D191-448D-92E8-B6C0E756EA38}.Debug|Any CPU.ActiveCfg = Debug|Any CPU
		{2C884DA8-D191-448D-92E8-B6C0E756EA38}.Debug|Any CPU.Build.0 = Debug|Any CPU
		{2C884DA8-D191-448D-92E8-B6C0E756EA38}.Release|Any CPU.ActiveCfg = Release|Any CPU
		{2C884DA8-D191-448D-92E8-B6C0E756EA38}.Release|Any CPU.Build.0 = Release|Any CPU
		{7AF99EE1-55B9-4769-B73A-97093F27C8ED}.Debug|Any CPU.ActiveCfg = Debug|Any CPU
		{7AF99EE1-55B9-4769-B73A-97093F27C8ED}.Debug|Any CPU.Build.0 = Debug|Any CPU
		{7AF99EE1-55B9-4769-B73A-97093F27C8ED}.Release|Any CPU.ActiveCfg = Release|Any CPU
		{7AF99EE1-55B9-4769-B73A-97093F27C8ED}.Release|Any CPU.Build.0 = Release|Any CPU
		{DF512E8E-207A-48BD-A5E5-8C5E1F561D30}.Debug|Any CPU.ActiveCfg = Debug|Any CPU
		{DF512E8E-207A-48BD-A5E5-8C5E1F561D30}.Debug|Any CPU.Build.0 = Debug|Any CPU
		{DF512E8E-207A-48BD-A5E5-8C5E1F561D30}.Release|Any CPU.ActiveCfg = Release|Any CPU
		{DF512E8E-207A-48BD-A5E5-8C5E1F561D30}.Release|Any CPU.Build.0 = Release|Any CPU
		{5181D1FC-9C1F-4FFB-A02F-C220FB996E3B}.Debug|Any CPU.ActiveCfg = Debug|Any CPU
		{5181D1FC-9C1F-4FFB-A02F-C220FB996E3B}.Debug|Any CPU.Build.0 = Debug|Any CPU
		{5181D1FC-9C1F-4FFB-A02F-C220FB996E3B}.Release|Any CPU.ActiveCfg = Release|Any CPU
		{5181D1FC-9C1F-4FFB-A02F-C220FB996E3B}.Release|Any CPU.Build.0 = Release|Any CPU
		{6E0D9A4D-9517-48C2-950A-59C70BBFE2ED}.Debug|Any CPU.ActiveCfg = Debug|Any CPU
		{6E0D9A4D-9517-48C2-950A-59C70BBFE2ED}.Debug|Any CPU.Build.0 = Debug|Any CPU
		{6E0D9A4D-9517-48C2-950A-59C70BBFE2ED}.Release|Any CPU.ActiveCfg = Release|Any CPU
		{6E0D9A4D-9517-48C2-950A-59C70BBFE2ED}.Release|Any CPU.Build.0 = Release|Any CPU
	EndGlobalSection
	GlobalSection(SolutionProperties) = preSolution
		HideSolutionNode = FALSE
	EndGlobalSection
EndGlobal
