
Microsoft Visual Studio Solution File, Format Version 12.00
# Visual Studio 15
VisualStudioVersion = 15.0.26430.13
MinimumVisualStudioVersion = 10.0.40219.1
Project("{FAE04EC0-301F-11D3-BF4B-00C04F79EFBC}") = "1.Vehicles", "1.Vehicles\1.Vehicles.csproj", "{A9AC5A39-91F4-49D2-A9B6-23152353E64E}"
EndProject
Project("{FAE04EC0-301F-11D3-BF4B-00C04F79EFBC}") = "2.WildFarm", "2.WildFarm\2.WildFarm.csproj", "{47D411ED-F0B6-42DE-B72A-CD9312060478}"
EndProject
Global
	GlobalSection(SolutionConfigurationPlatforms) = preSolution
		Debug|Any CPU = Debug|Any CPU
		Release|Any CPU = Release|Any CPU
	EndGlobalSection
	GlobalSection(ProjectConfigurationPlatforms) = postSolution
		{A9AC5A39-91F4-49D2-A9B6-23152353E64E}.Debug|Any CPU.ActiveCfg = Debug|Any CPU
		{A9AC5A39-91F4-49D2-A9B6-23152353E64E}.Debug|Any CPU.Build.0 = Debug|Any CPU
		{A9AC5A39-91F4-49D2-A9B6-23152353E64E}.Release|Any CPU.ActiveCfg = Release|Any CPU
		{A9AC5A39-91F4-49D2-A9B6-23152353E64E}.Release|Any CPU.Build.0 = Release|Any CPU
		{47D411ED-F0B6-42DE-B72A-CD9312060478}.Debug|Any CPU.ActiveCfg = Debug|Any CPU
		{47D411ED-F0B6-42DE-B72A-CD9312060478}.Debug|Any CPU.Build.0 = Debug|Any CPU
		{47D411ED-F0B6-42DE-B72A-CD9312060478}.Release|Any CPU.ActiveCfg = Release|Any CPU
		{47D411ED-F0B6-42DE-B72A-CD9312060478}.Release|Any CPU.Build.0 = Release|Any CPU
	EndGlobalSection
	GlobalSection(SolutionProperties) = preSolution
		HideSolutionNode = FALSE
	EndGlobalSection
EndGlobal
