
Microsoft Visual Studio Solution File, Format Version 12.00
# Visual Studio 15
VisualStudioVersion = 15.0.27130.2003
MinimumVisualStudioVersion = 10.0.40219.1
Project("{FAE04EC0-301F-11D3-BF4B-00C04F79EFBC}") = "News.Data", "News.Data\News.Data.csproj", "{BC74C05B-47E3-4090-9598-D8EF8DFF16B1}"
EndProject
Project("{FAE04EC0-301F-11D3-BF4B-00C04F79EFBC}") = "News.Services", "News.Services\News.Services.csproj", "{A7968BE0-0E73-4958-98A7-56DB80AD37F8}"
EndProject
Project("{FAE04EC0-301F-11D3-BF4B-00C04F79EFBC}") = "News.Api", "News.Api\News.Api.csproj", "{540581F3-E233-40CE-9E81-97C910C44E99}"
EndProject
Global
	GlobalSection(SolutionConfigurationPlatforms) = preSolution
		Debug|Any CPU = Debug|Any CPU
		Release|Any CPU = Release|Any CPU
	EndGlobalSection
	GlobalSection(ProjectConfigurationPlatforms) = postSolution
		{BC74C05B-47E3-4090-9598-D8EF8DFF16B1}.Debug|Any CPU.ActiveCfg = Debug|Any CPU
		{BC74C05B-47E3-4090-9598-D8EF8DFF16B1}.Debug|Any CPU.Build.0 = Debug|Any CPU
		{BC74C05B-47E3-4090-9598-D8EF8DFF16B1}.Release|Any CPU.ActiveCfg = Release|Any CPU
		{BC74C05B-47E3-4090-9598-D8EF8DFF16B1}.Release|Any CPU.Build.0 = Release|Any CPU
		{A7968BE0-0E73-4958-98A7-56DB80AD37F8}.Debug|Any CPU.ActiveCfg = Debug|Any CPU
		{A7968BE0-0E73-4958-98A7-56DB80AD37F8}.Debug|Any CPU.Build.0 = Debug|Any CPU
		{A7968BE0-0E73-4958-98A7-56DB80AD37F8}.Release|Any CPU.ActiveCfg = Release|Any CPU
		{A7968BE0-0E73-4958-98A7-56DB80AD37F8}.Release|Any CPU.Build.0 = Release|Any CPU
		{540581F3-E233-40CE-9E81-97C910C44E99}.Debug|Any CPU.ActiveCfg = Debug|Any CPU
		{540581F3-E233-40CE-9E81-97C910C44E99}.Debug|Any CPU.Build.0 = Debug|Any CPU
		{540581F3-E233-40CE-9E81-97C910C44E99}.Release|Any CPU.ActiveCfg = Release|Any CPU
		{540581F3-E233-40CE-9E81-97C910C44E99}.Release|Any CPU.Build.0 = Release|Any CPU
	EndGlobalSection
	GlobalSection(SolutionProperties) = preSolution
		HideSolutionNode = FALSE
	EndGlobalSection
	GlobalSection(ExtensibilityGlobals) = postSolution
		SolutionGuid = {344F0A82-59B9-4025-B601-775658FEE28C}
	EndGlobalSection
EndGlobal
