
Microsoft Visual Studio Solution File, Format Version 12.00
# Visual Studio 15
VisualStudioVersion = 15.0.26430.6
MinimumVisualStudioVersion = 10.0.40219.1
Project("{FAE04EC0-301F-11D3-BF4B-00C04F79EFBC}") = "2.ParseURLs", "2.ParseURLs\2.ParseURLs.csproj", "{93807A12-1919-45EE-9873-E3F11B4257A4}"
EndProject
Project("{FAE04EC0-301F-11D3-BF4B-00C04F79EFBC}") = "1.StudentsResults", "1.StudentsResults\1.StudentsResults.csproj", "{93561FE8-3DB0-45C4-AF45-E95D83D92063}"
EndProject
Project("{FAE04EC0-301F-11D3-BF4B-00C04F79EFBC}") = "3.ParseTags", "3.ParseTags\3.ParseTags.csproj", "{F1072E6E-9C83-4192-96CB-5D13D5C63CC6}"
EndProject
Project("{FAE04EC0-301F-11D3-BF4B-00C04F79EFBC}") = "4.SpecialWords", "4.SpecialWords\4.SpecialWords.csproj", "{30D1F1F5-5C77-4532-8100-F430AE36999C}"
EndProject
Project("{FAE04EC0-301F-11D3-BF4B-00C04F79EFBC}") = "5.ConcatenateStrings", "5.ConcatenateStrings\5.ConcatenateStrings.csproj", "{1BA4868B-8237-4A14-A2B0-D2D08F12899C}"
EndProject
Global
	GlobalSection(SolutionConfigurationPlatforms) = preSolution
		Debug|Any CPU = Debug|Any CPU
		Release|Any CPU = Release|Any CPU
	EndGlobalSection
	GlobalSection(ProjectConfigurationPlatforms) = postSolution
		{93807A12-1919-45EE-9873-E3F11B4257A4}.Debug|Any CPU.ActiveCfg = Debug|Any CPU
		{93807A12-1919-45EE-9873-E3F11B4257A4}.Debug|Any CPU.Build.0 = Debug|Any CPU
		{93807A12-1919-45EE-9873-E3F11B4257A4}.Release|Any CPU.ActiveCfg = Release|Any CPU
		{93807A12-1919-45EE-9873-E3F11B4257A4}.Release|Any CPU.Build.0 = Release|Any CPU
		{93561FE8-3DB0-45C4-AF45-E95D83D92063}.Debug|Any CPU.ActiveCfg = Debug|Any CPU
		{93561FE8-3DB0-45C4-AF45-E95D83D92063}.Debug|Any CPU.Build.0 = Debug|Any CPU
		{93561FE8-3DB0-45C4-AF45-E95D83D92063}.Release|Any CPU.ActiveCfg = Release|Any CPU
		{93561FE8-3DB0-45C4-AF45-E95D83D92063}.Release|Any CPU.Build.0 = Release|Any CPU
		{F1072E6E-9C83-4192-96CB-5D13D5C63CC6}.Debug|Any CPU.ActiveCfg = Debug|Any CPU
		{F1072E6E-9C83-4192-96CB-5D13D5C63CC6}.Debug|Any CPU.Build.0 = Debug|Any CPU
		{F1072E6E-9C83-4192-96CB-5D13D5C63CC6}.Release|Any CPU.ActiveCfg = Release|Any CPU
		{F1072E6E-9C83-4192-96CB-5D13D5C63CC6}.Release|Any CPU.Build.0 = Release|Any CPU
		{30D1F1F5-5C77-4532-8100-F430AE36999C}.Debug|Any CPU.ActiveCfg = Debug|Any CPU
		{30D1F1F5-5C77-4532-8100-F430AE36999C}.Debug|Any CPU.Build.0 = Debug|Any CPU
		{30D1F1F5-5C77-4532-8100-F430AE36999C}.Release|Any CPU.ActiveCfg = Release|Any CPU
		{30D1F1F5-5C77-4532-8100-F430AE36999C}.Release|Any CPU.Build.0 = Release|Any CPU
		{1BA4868B-8237-4A14-A2B0-D2D08F12899C}.Debug|Any CPU.ActiveCfg = Debug|Any CPU
		{1BA4868B-8237-4A14-A2B0-D2D08F12899C}.Debug|Any CPU.Build.0 = Debug|Any CPU
		{1BA4868B-8237-4A14-A2B0-D2D08F12899C}.Release|Any CPU.ActiveCfg = Release|Any CPU
		{1BA4868B-8237-4A14-A2B0-D2D08F12899C}.Release|Any CPU.Build.0 = Release|Any CPU
	EndGlobalSection
	GlobalSection(SolutionProperties) = preSolution
		HideSolutionNode = FALSE
	EndGlobalSection
EndGlobal
