
Microsoft Visual Studio Solution File, Format Version 12.00
# Visual Studio 15
VisualStudioVersion = 15.0.26730.16
MinimumVisualStudioVersion = 10.0.40219.1
Project("{9A19103F-16F7-4668-BE54-9A1E7A4F7556}") = "01.StudentSystem", "01.StudentSystem\01.StudentSystem.csproj", "{B3742E45-7ED8-4A41-A0D2-5CB8B1E87301}"
EndProject
Project("{FAE04EC0-301F-11D3-BF4B-00C04F79EFBC}") = "02.SocialNetwork", "02.SocialNetwork\02.SocialNetwork.csproj", "{FB237FDF-E779-48BF-A017-5A3FC093BCEF}"
EndProject
Project("{FAE04EC0-301F-11D3-BF4B-00C04F79EFBC}") = "02.SocialNetwork.Data", "02.SocialNetwork.Data\02.SocialNetwork.Data.csproj", "{729611BB-18CF-4866-900B-2DBFE2E668C9}"
EndProject
Global
	GlobalSection(SolutionConfigurationPlatforms) = preSolution
		Debug|Any CPU = Debug|Any CPU
		Release|Any CPU = Release|Any CPU
	EndGlobalSection
	GlobalSection(ProjectConfigurationPlatforms) = postSolution
		{B3742E45-7ED8-4A41-A0D2-5CB8B1E87301}.Debug|Any CPU.ActiveCfg = Debug|Any CPU
		{B3742E45-7ED8-4A41-A0D2-5CB8B1E87301}.Debug|Any CPU.Build.0 = Debug|Any CPU
		{B3742E45-7ED8-4A41-A0D2-5CB8B1E87301}.Release|Any CPU.ActiveCfg = Release|Any CPU
		{B3742E45-7ED8-4A41-A0D2-5CB8B1E87301}.Release|Any CPU.Build.0 = Release|Any CPU
		{FB237FDF-E779-48BF-A017-5A3FC093BCEF}.Debug|Any CPU.ActiveCfg = Debug|Any CPU
		{FB237FDF-E779-48BF-A017-5A3FC093BCEF}.Debug|Any CPU.Build.0 = Debug|Any CPU
		{FB237FDF-E779-48BF-A017-5A3FC093BCEF}.Release|Any CPU.ActiveCfg = Release|Any CPU
		{FB237FDF-E779-48BF-A017-5A3FC093BCEF}.Release|Any CPU.Build.0 = Release|Any CPU
		{729611BB-18CF-4866-900B-2DBFE2E668C9}.Debug|Any CPU.ActiveCfg = Debug|Any CPU
		{729611BB-18CF-4866-900B-2DBFE2E668C9}.Debug|Any CPU.Build.0 = Debug|Any CPU
		{729611BB-18CF-4866-900B-2DBFE2E668C9}.Release|Any CPU.ActiveCfg = Release|Any CPU
		{729611BB-18CF-4866-900B-2DBFE2E668C9}.Release|Any CPU.Build.0 = Release|Any CPU
	EndGlobalSection
	GlobalSection(SolutionProperties) = preSolution
		HideSolutionNode = FALSE
	EndGlobalSection
	GlobalSection(ExtensibilityGlobals) = postSolution
		SolutionGuid = {3951EE8C-17AC-4C9B-BF5E-6B8AFD00A3A6}
	EndGlobalSection
EndGlobal
