
Microsoft Visual Studio Solution File, Format Version 12.00
# Visual Studio 14
VisualStudioVersion = 14.0.25420.1
MinimumVisualStudioVersion = 10.0.40219.1
Project("{FAE04EC0-301F-11D3-BF4B-00C04F79EFBC}") = "CodeFirstStudentSystem", "1.CodeFirstStudentSystem\CodeFirstStudentSystem.csproj", "{9D3FB842-4E02-45A6-9E85-DAF8A26AD02C}"
EndProject
Project("{FAE04EC0-301F-11D3-BF4B-00C04F79EFBC}") = "PhotographerSystem", "PhotographerSystem\PhotographerSystem.csproj", "{3E8FE120-4ADF-40FE-AEEB-33B20A722D35}"
EndProject
Global
	GlobalSection(SolutionConfigurationPlatforms) = preSolution
		Debug|Any CPU = Debug|Any CPU
		Release|Any CPU = Release|Any CPU
	EndGlobalSection
	GlobalSection(ProjectConfigurationPlatforms) = postSolution
		{9D3FB842-4E02-45A6-9E85-DAF8A26AD02C}.Debug|Any CPU.ActiveCfg = Debug|Any CPU
		{9D3FB842-4E02-45A6-9E85-DAF8A26AD02C}.Debug|Any CPU.Build.0 = Debug|Any CPU
		{9D3FB842-4E02-45A6-9E85-DAF8A26AD02C}.Release|Any CPU.ActiveCfg = Release|Any CPU
		{9D3FB842-4E02-45A6-9E85-DAF8A26AD02C}.Release|Any CPU.Build.0 = Release|Any CPU
		{3E8FE120-4ADF-40FE-AEEB-33B20A722D35}.Debug|Any CPU.ActiveCfg = Debug|Any CPU
		{3E8FE120-4ADF-40FE-AEEB-33B20A722D35}.Debug|Any CPU.Build.0 = Debug|Any CPU
		{3E8FE120-4ADF-40FE-AEEB-33B20A722D35}.Release|Any CPU.ActiveCfg = Release|Any CPU
		{3E8FE120-4ADF-40FE-AEEB-33B20A722D35}.Release|Any CPU.Build.0 = Release|Any CPU
	EndGlobalSection
	GlobalSection(SolutionProperties) = preSolution
		HideSolutionNode = FALSE
	EndGlobalSection
EndGlobal
