
Microsoft Visual Studio Solution File, Format Version 12.00
# Visual Studio 15
VisualStudioVersion = 15.0.26730.16
MinimumVisualStudioVersion = 10.0.40219.1
Project("{FAE04EC0-301F-11D3-BF4B-00C04F79EFBC}") = "01.EvenNumbersThread", "01.EvenNumbersThread\01.EvenNumbersThread.csproj", "{1A1D4133-A577-4709-A920-B89473DFF970}"
EndProject
Project("{FAE04EC0-301F-11D3-BF4B-00C04F79EFBC}") = "02.SliceFile", "02.SliceFile\02.SliceFile.csproj", "{385A5A66-70B2-4375-80D8-003D573315E1}"
EndProject
Project("{FAE04EC0-301F-11D3-BF4B-00C04F79EFBC}") = "03.SimpleWebServer", "03.SimpleWebServer\03.SimpleWebServer.csproj", "{9B5D0CD0-1FD4-4DFB-933D-7D5FED4AE0C4}"
EndProject
Global
	GlobalSection(SolutionConfigurationPlatforms) = preSolution
		Debug|Any CPU = Debug|Any CPU
		Release|Any CPU = Release|Any CPU
	EndGlobalSection
	GlobalSection(ProjectConfigurationPlatforms) = postSolution
		{1A1D4133-A577-4709-A920-B89473DFF970}.Debug|Any CPU.ActiveCfg = Debug|Any CPU
		{1A1D4133-A577-4709-A920-B89473DFF970}.Debug|Any CPU.Build.0 = Debug|Any CPU
		{1A1D4133-A577-4709-A920-B89473DFF970}.Release|Any CPU.ActiveCfg = Release|Any CPU
		{1A1D4133-A577-4709-A920-B89473DFF970}.Release|Any CPU.Build.0 = Release|Any CPU
		{385A5A66-70B2-4375-80D8-003D573315E1}.Debug|Any CPU.ActiveCfg = Debug|Any CPU
		{385A5A66-70B2-4375-80D8-003D573315E1}.Debug|Any CPU.Build.0 = Debug|Any CPU
		{385A5A66-70B2-4375-80D8-003D573315E1}.Release|Any CPU.ActiveCfg = Release|Any CPU
		{385A5A66-70B2-4375-80D8-003D573315E1}.Release|Any CPU.Build.0 = Release|Any CPU
		{9B5D0CD0-1FD4-4DFB-933D-7D5FED4AE0C4}.Debug|Any CPU.ActiveCfg = Debug|Any CPU
		{9B5D0CD0-1FD4-4DFB-933D-7D5FED4AE0C4}.Debug|Any CPU.Build.0 = Debug|Any CPU
		{9B5D0CD0-1FD4-4DFB-933D-7D5FED4AE0C4}.Release|Any CPU.ActiveCfg = Release|Any CPU
		{9B5D0CD0-1FD4-4DFB-933D-7D5FED4AE0C4}.Release|Any CPU.Build.0 = Release|Any CPU
	EndGlobalSection
	GlobalSection(SolutionProperties) = preSolution
		HideSolutionNode = FALSE
	EndGlobalSection
	GlobalSection(ExtensibilityGlobals) = postSolution
		SolutionGuid = {031655DE-D544-404A-8243-90AF507161FF}
	EndGlobalSection
EndGlobal
